
Microsoft Visual Studio Solution File, Format Version 12.00
# Visual Studio Version 16
VisualStudioVersion = 25.0.1706.2
MinimumVisualStudioVersion = 10.0.40219.1
Project("{FAE04EC0-301F-11D3-BF4B-00C04F79EFBC}") = "RebusBasicExample", "RebusBasicExample\RebusBasicExample.csproj", "{D89BDD8B-7B5A-4BAF-9CD0-30D52919CC52}"
EndProject
Project("{FAE04EC0-301F-11D3-BF4B-00C04F79EFBC}") = "RebusBasicExample.DTO", "RebusBasicExample.DTO\RebusBasicExample.DTO.csproj", "{B07F9166-3540-4C9D-88B6-9271D2283812}"
EndProject
Project("{FAE04EC0-301F-11D3-BF4B-00C04F79EFBC}") = "RebusBasicExample.Consumer", "RebusBasicExample.Consumer\RebusBasicExample.Consumer.csproj", "{AAEC67A9-9399-4BF8-9914-2C968A036419}"
EndProject
Global
	GlobalSection(SolutionConfigurationPlatforms) = preSolution
		Debug|Any CPU = Debug|Any CPU
		Release|Any CPU = Release|Any CPU
	EndGlobalSection
	GlobalSection(ProjectConfigurationPlatforms) = postSolution
		{D89BDD8B-7B5A-4BAF-9CD0-30D52919CC52}.Debug|Any CPU.ActiveCfg = Debug|Any CPU
		{D89BDD8B-7B5A-4BAF-9CD0-30D52919CC52}.Debug|Any CPU.Build.0 = Debug|Any CPU
		{D89BDD8B-7B5A-4BAF-9CD0-30D52919CC52}.Release|Any CPU.ActiveCfg = Release|Any CPU
		{D89BDD8B-7B5A-4BAF-9CD0-30D52919CC52}.Release|Any CPU.Build.0 = Release|Any CPU
		{B07F9166-3540-4C9D-88B6-9271D2283812}.Debug|Any CPU.ActiveCfg = Debug|Any CPU
		{B07F9166-3540-4C9D-88B6-9271D2283812}.Debug|Any CPU.Build.0 = Debug|Any CPU
		{B07F9166-3540-4C9D-88B6-9271D2283812}.Release|Any CPU.ActiveCfg = Release|Any CPU
		{B07F9166-3540-4C9D-88B6-9271D2283812}.Release|Any CPU.Build.0 = Release|Any CPU
		{AAEC67A9-9399-4BF8-9914-2C968A036419}.Debug|Any CPU.ActiveCfg = Debug|Any CPU
		{AAEC67A9-9399-4BF8-9914-2C968A036419}.Debug|Any CPU.Build.0 = Debug|Any CPU
		{AAEC67A9-9399-4BF8-9914-2C968A036419}.Release|Any CPU.ActiveCfg = Release|Any CPU
		{AAEC67A9-9399-4BF8-9914-2C968A036419}.Release|Any CPU.Build.0 = Release|Any CPU
	EndGlobalSection
	GlobalSection(SolutionProperties) = preSolution
		HideSolutionNode = FALSE
	EndGlobalSection
	GlobalSection(ExtensibilityGlobals) = postSolution
		SolutionGuid = {76F35E1C-951C-491D-A049-F3E6A6334BF0}
	EndGlobalSection
EndGlobal
